
Microsoft Visual Studio Solution File, Format Version 12.00
# Visual Studio 2013
VisualStudioVersion = 12.0.21005.1
MinimumVisualStudioVersion = 10.0.40219.1
Project("{F2A71F9B-5D33-465A-A702-920D77279786}") = "FsugJp.MicroRrm", "FsugJp.MicroRrm\FsugJp.MicroRrm.fsproj", "{46DEF1A7-0ABF-4598-B115-F57C6F0ADF39}"
EndProject
Global
	GlobalSection(SolutionConfigurationPlatforms) = preSolution
		Debug|Any CPU = Debug|Any CPU
		Release|Any CPU = Release|Any CPU
	EndGlobalSection
	GlobalSection(ProjectConfigurationPlatforms) = postSolution
		{46DEF1A7-0ABF-4598-B115-F57C6F0ADF39}.Debug|Any CPU.ActiveCfg = Debug|Any CPU
		{46DEF1A7-0ABF-4598-B115-F57C6F0ADF39}.Debug|Any CPU.Build.0 = Debug|Any CPU
		{46DEF1A7-0ABF-4598-B115-F57C6F0ADF39}.Release|Any CPU.ActiveCfg = Release|Any CPU
		{46DEF1A7-0ABF-4598-B115-F57C6F0ADF39}.Release|Any CPU.Build.0 = Release|Any CPU
	EndGlobalSection
	GlobalSection(SolutionProperties) = preSolution
		HideSolutionNode = FALSE
	EndGlobalSection
EndGlobal
